
Microsoft Visual Studio Solution File, Format Version 12.00
# Visual Studio 15
VisualStudioVersion = 15.0.27130.2036
MinimumVisualStudioVersion = 10.0.40219.1
Project("{FAE04EC0-301F-11D3-BF4B-00C04F79EFBC}") = "GoodGardenApp", "GoodGardenApp\GoodGardenApp.csproj", "{B5D9F443-D835-4AE6-AF5A-D83F20832D33}"
EndProject
Global
	GlobalSection(SolutionConfigurationPlatforms) = preSolution
		Debug|Any CPU = Debug|Any CPU
		Release|Any CPU = Release|Any CPU
	EndGlobalSection
	GlobalSection(ProjectConfigurationPlatforms) = postSolution
		{B5D9F443-D835-4AE6-AF5A-D83F20832D33}.Debug|Any CPU.ActiveCfg = Debug|Any CPU
		{B5D9F443-D835-4AE6-AF5A-D83F20832D33}.Debug|Any CPU.Build.0 = Debug|Any CPU
		{B5D9F443-D835-4AE6-AF5A-D83F20832D33}.Release|Any CPU.ActiveCfg = Release|Any CPU
		{B5D9F443-D835-4AE6-AF5A-D83F20832D33}.Release|Any CPU.Build.0 = Release|Any CPU
	EndGlobalSection
	GlobalSection(SolutionProperties) = preSolution
		HideSolutionNode = FALSE
	EndGlobalSection
	GlobalSection(ExtensibilityGlobals) = postSolution
		SolutionGuid = {130EF7F3-9005-488C-957C-B406228A6C18}
	EndGlobalSection
EndGlobal
