
Microsoft Visual Studio Solution File, Format Version 12.00
# Visual Studio 15
VisualStudioVersion = 15.0.27130.2027
MinimumVisualStudioVersion = 10.0.40219.1
Project("{FAE04EC0-301F-11D3-BF4B-00C04F79EFBC}") = "GuessTheNumber", "GuessTheNumber\GuessTheNumber.csproj", "{084903B9-1318-4494-9ECD-31F012D851C3}"
EndProject
Global
	GlobalSection(SolutionConfigurationPlatforms) = preSolution
		Debug|Any CPU = Debug|Any CPU
		Release|Any CPU = Release|Any CPU
	EndGlobalSection
	GlobalSection(ProjectConfigurationPlatforms) = postSolution
		{084903B9-1318-4494-9ECD-31F012D851C3}.Debug|Any CPU.ActiveCfg = Debug|Any CPU
		{084903B9-1318-4494-9ECD-31F012D851C3}.Debug|Any CPU.Build.0 = Debug|Any CPU
		{084903B9-1318-4494-9ECD-31F012D851C3}.Release|Any CPU.ActiveCfg = Release|Any CPU
		{084903B9-1318-4494-9ECD-31F012D851C3}.Release|Any CPU.Build.0 = Release|Any CPU
	EndGlobalSection
	GlobalSection(SolutionProperties) = preSolution
		HideSolutionNode = FALSE
	EndGlobalSection
	GlobalSection(ExtensibilityGlobals) = postSolution
		SolutionGuid = {E913EEE8-F880-4513-BCF8-9720605CABD6}
	EndGlobalSection
EndGlobal
