
Microsoft Visual Studio Solution File, Format Version 12.00
# Visual Studio 15
VisualStudioVersion = 15.0.27130.2036
MinimumVisualStudioVersion = 10.0.40219.1
Project("{FAE04EC0-301F-11D3-BF4B-00C04F79EFBC}") = "Instruments", "Instruments\Instruments.csproj", "{3D757E4B-AEE8-4EFA-8B93-04994E199CB6}"
EndProject
Global
	GlobalSection(SolutionConfigurationPlatforms) = preSolution
		Debug|Any CPU = Debug|Any CPU
		Release|Any CPU = Release|Any CPU
	EndGlobalSection
	GlobalSection(ProjectConfigurationPlatforms) = postSolution
		{3D757E4B-AEE8-4EFA-8B93-04994E199CB6}.Debug|Any CPU.ActiveCfg = Debug|Any CPU
		{3D757E4B-AEE8-4EFA-8B93-04994E199CB6}.Debug|Any CPU.Build.0 = Debug|Any CPU
		{3D757E4B-AEE8-4EFA-8B93-04994E199CB6}.Release|Any CPU.ActiveCfg = Release|Any CPU
		{3D757E4B-AEE8-4EFA-8B93-04994E199CB6}.Release|Any CPU.Build.0 = Release|Any CPU
	EndGlobalSection
	GlobalSection(SolutionProperties) = preSolution
		HideSolutionNode = FALSE
	EndGlobalSection
	GlobalSection(ExtensibilityGlobals) = postSolution
		SolutionGuid = {7806E055-6996-4006-958E-CB29C758D0BE}
	EndGlobalSection
EndGlobal
