
Microsoft Visual Studio Solution File, Format Version 12.00
# Visual Studio 15
VisualStudioVersion = 15.0.27130.2036
MinimumVisualStudioVersion = 10.0.40219.1
Project("{FAE04EC0-301F-11D3-BF4B-00C04F79EFBC}") = "CounterClass", "CounterClass\CounterClass.csproj", "{0358E86E-AB4C-4F22-B999-7F614DD11405}"
EndProject
Global
	GlobalSection(SolutionConfigurationPlatforms) = preSolution
		Debug|Any CPU = Debug|Any CPU
		Release|Any CPU = Release|Any CPU
	EndGlobalSection
	GlobalSection(ProjectConfigurationPlatforms) = postSolution
		{0358E86E-AB4C-4F22-B999-7F614DD11405}.Debug|Any CPU.ActiveCfg = Debug|Any CPU
		{0358E86E-AB4C-4F22-B999-7F614DD11405}.Debug|Any CPU.Build.0 = Debug|Any CPU
		{0358E86E-AB4C-4F22-B999-7F614DD11405}.Release|Any CPU.ActiveCfg = Release|Any CPU
		{0358E86E-AB4C-4F22-B999-7F614DD11405}.Release|Any CPU.Build.0 = Release|Any CPU
	EndGlobalSection
	GlobalSection(SolutionProperties) = preSolution
		HideSolutionNode = FALSE
	EndGlobalSection
	GlobalSection(ExtensibilityGlobals) = postSolution
		SolutionGuid = {6D928F44-F525-41FF-BACB-B4D8ED81F8B0}
	EndGlobalSection
EndGlobal
