
Microsoft Visual Studio Solution File, Format Version 12.00
# Visual Studio 15
VisualStudioVersion = 15.0.27428.1
MinimumVisualStudioVersion = 10.0.40219.1
Project("{FAE04EC0-301F-11D3-BF4B-00C04F79EFBC}") = "AppleApp2", "UnitTestProject1\AppleApp2.csproj", "{E36EB7D2-C8F6-46F8-8CF7-DAD0C59ED553}"
EndProject
Global
	GlobalSection(SolutionConfigurationPlatforms) = preSolution
		Debug|Any CPU = Debug|Any CPU
		Release|Any CPU = Release|Any CPU
	EndGlobalSection
	GlobalSection(ProjectConfigurationPlatforms) = postSolution
		{E36EB7D2-C8F6-46F8-8CF7-DAD0C59ED553}.Debug|Any CPU.ActiveCfg = Debug|Any CPU
		{E36EB7D2-C8F6-46F8-8CF7-DAD0C59ED553}.Debug|Any CPU.Build.0 = Debug|Any CPU
		{E36EB7D2-C8F6-46F8-8CF7-DAD0C59ED553}.Release|Any CPU.ActiveCfg = Release|Any CPU
		{E36EB7D2-C8F6-46F8-8CF7-DAD0C59ED553}.Release|Any CPU.Build.0 = Release|Any CPU
	EndGlobalSection
	GlobalSection(SolutionProperties) = preSolution
		HideSolutionNode = FALSE
	EndGlobalSection
	GlobalSection(ExtensibilityGlobals) = postSolution
		SolutionGuid = {5028CBE8-FEFD-411A-9436-894502CA1758}
	EndGlobalSection
EndGlobal
