
Microsoft Visual Studio Solution File, Format Version 12.00
# Visual Studio 15
VisualStudioVersion = 15.0.27428.2037
MinimumVisualStudioVersion = 10.0.40219.1
Project("{9A19103F-16F7-4668-BE54-9A1E7A4F7556}") = "Frontend", "Frontend\Frontend.csproj", "{C6D1F1C0-B5E1-4380-9D4F-C5F672B34DF7}"
EndProject
Project("{FAE04EC0-301F-11D3-BF4B-00C04F79EFBC}") = "TestingStuff", "TestingStuff\TestingStuff.csproj", "{8E593C7D-263E-4E32-8930-CB6E9668DCF8}"
EndProject
Global
	GlobalSection(SolutionConfigurationPlatforms) = preSolution
		Debug|Any CPU = Debug|Any CPU
		Release|Any CPU = Release|Any CPU
	EndGlobalSection
	GlobalSection(ProjectConfigurationPlatforms) = postSolution
		{C6D1F1C0-B5E1-4380-9D4F-C5F672B34DF7}.Debug|Any CPU.ActiveCfg = Debug|Any CPU
		{C6D1F1C0-B5E1-4380-9D4F-C5F672B34DF7}.Debug|Any CPU.Build.0 = Debug|Any CPU
		{C6D1F1C0-B5E1-4380-9D4F-C5F672B34DF7}.Release|Any CPU.ActiveCfg = Release|Any CPU
		{C6D1F1C0-B5E1-4380-9D4F-C5F672B34DF7}.Release|Any CPU.Build.0 = Release|Any CPU
		{8E593C7D-263E-4E32-8930-CB6E9668DCF8}.Debug|Any CPU.ActiveCfg = Debug|Any CPU
		{8E593C7D-263E-4E32-8930-CB6E9668DCF8}.Debug|Any CPU.Build.0 = Debug|Any CPU
		{8E593C7D-263E-4E32-8930-CB6E9668DCF8}.Release|Any CPU.ActiveCfg = Release|Any CPU
		{8E593C7D-263E-4E32-8930-CB6E9668DCF8}.Release|Any CPU.Build.0 = Release|Any CPU
	EndGlobalSection
	GlobalSection(SolutionProperties) = preSolution
		HideSolutionNode = FALSE
	EndGlobalSection
	GlobalSection(ExtensibilityGlobals) = postSolution
		SolutionGuid = {FA0C2D92-4079-43BC-A40E-F4ACB15D2ECB}
	EndGlobalSection
EndGlobal
