
Microsoft Visual Studio Solution File, Format Version 12.00
# Visual Studio 15
VisualStudioVersion = 15.0.27130.2027
MinimumVisualStudioVersion = 10.0.40219.1
Project("{FAE04EC0-301F-11D3-BF4B-00C04F79EFBC}") = "ChangeElement", "ChangeElement\ChangeElement.csproj", "{94069868-9135-43AE-A2A7-7E97C9873BF3}"
EndProject
Global
	GlobalSection(SolutionConfigurationPlatforms) = preSolution
		Debug|Any CPU = Debug|Any CPU
		Release|Any CPU = Release|Any CPU
	EndGlobalSection
	GlobalSection(ProjectConfigurationPlatforms) = postSolution
		{94069868-9135-43AE-A2A7-7E97C9873BF3}.Debug|Any CPU.ActiveCfg = Debug|Any CPU
		{94069868-9135-43AE-A2A7-7E97C9873BF3}.Debug|Any CPU.Build.0 = Debug|Any CPU
		{94069868-9135-43AE-A2A7-7E97C9873BF3}.Release|Any CPU.ActiveCfg = Release|Any CPU
		{94069868-9135-43AE-A2A7-7E97C9873BF3}.Release|Any CPU.Build.0 = Release|Any CPU
	EndGlobalSection
	GlobalSection(SolutionProperties) = preSolution
		HideSolutionNode = FALSE
	EndGlobalSection
	GlobalSection(ExtensibilityGlobals) = postSolution
		SolutionGuid = {D8B90753-7F90-466F-9D06-253679EC63D2}
	EndGlobalSection
EndGlobal
