
Microsoft Visual Studio Solution File, Format Version 12.00
# Visual Studio 15
VisualStudioVersion = 15.0.27130.2027
MinimumVisualStudioVersion = 10.0.40219.1
Project("{FAE04EC0-301F-11D3-BF4B-00C04F79EFBC}") = "Colors", "Colors\Colors.csproj", "{66D178C6-7C64-428C-B511-3BF4DA24F3D3}"
EndProject
Global
	GlobalSection(SolutionConfigurationPlatforms) = preSolution
		Debug|Any CPU = Debug|Any CPU
		Release|Any CPU = Release|Any CPU
	EndGlobalSection
	GlobalSection(ProjectConfigurationPlatforms) = postSolution
		{66D178C6-7C64-428C-B511-3BF4DA24F3D3}.Debug|Any CPU.ActiveCfg = Debug|Any CPU
		{66D178C6-7C64-428C-B511-3BF4DA24F3D3}.Debug|Any CPU.Build.0 = Debug|Any CPU
		{66D178C6-7C64-428C-B511-3BF4DA24F3D3}.Release|Any CPU.ActiveCfg = Release|Any CPU
		{66D178C6-7C64-428C-B511-3BF4DA24F3D3}.Release|Any CPU.Build.0 = Release|Any CPU
	EndGlobalSection
	GlobalSection(SolutionProperties) = preSolution
		HideSolutionNode = FALSE
	EndGlobalSection
	GlobalSection(ExtensibilityGlobals) = postSolution
		SolutionGuid = {C4D1DCDF-F0B5-4F38-B9BD-A977A575965A}
	EndGlobalSection
EndGlobal
