
Microsoft Visual Studio Solution File, Format Version 12.00
# Visual Studio 15
VisualStudioVersion = 15.0.27130.2036
MinimumVisualStudioVersion = 10.0.40219.1
Project("{FAE04EC0-301F-11D3-BF4B-00C04F79EFBC}") = "Dice", "Dice\Dice.csproj", "{2613B103-9433-4DB6-A56E-40E52E2FBAF4}"
EndProject
Global
	GlobalSection(SolutionConfigurationPlatforms) = preSolution
		Debug|Any CPU = Debug|Any CPU
		Release|Any CPU = Release|Any CPU
	EndGlobalSection
	GlobalSection(ProjectConfigurationPlatforms) = postSolution
		{2613B103-9433-4DB6-A56E-40E52E2FBAF4}.Debug|Any CPU.ActiveCfg = Debug|Any CPU
		{2613B103-9433-4DB6-A56E-40E52E2FBAF4}.Debug|Any CPU.Build.0 = Debug|Any CPU
		{2613B103-9433-4DB6-A56E-40E52E2FBAF4}.Release|Any CPU.ActiveCfg = Release|Any CPU
		{2613B103-9433-4DB6-A56E-40E52E2FBAF4}.Release|Any CPU.Build.0 = Release|Any CPU
	EndGlobalSection
	GlobalSection(SolutionProperties) = preSolution
		HideSolutionNode = FALSE
	EndGlobalSection
	GlobalSection(ExtensibilityGlobals) = postSolution
		SolutionGuid = {326A8E47-751C-4B80-92A3-A8CCFE617C61}
	EndGlobalSection
EndGlobal
