
Microsoft Visual Studio Solution File, Format Version 12.00
# Visual Studio 15
VisualStudioVersion = 15.0.27130.2036
MinimumVisualStudioVersion = 10.0.40219.1
Project("{FAE04EC0-301F-11D3-BF4B-00C04F79EFBC}") = "SharpiiSet", "SharpiiSet\SharpiiSet.csproj", "{FA82AD3D-B2BB-4C80-9B14-1933AA780575}"
EndProject
Global
	GlobalSection(SolutionConfigurationPlatforms) = preSolution
		Debug|Any CPU = Debug|Any CPU
		Release|Any CPU = Release|Any CPU
	EndGlobalSection
	GlobalSection(ProjectConfigurationPlatforms) = postSolution
		{FA82AD3D-B2BB-4C80-9B14-1933AA780575}.Debug|Any CPU.ActiveCfg = Debug|Any CPU
		{FA82AD3D-B2BB-4C80-9B14-1933AA780575}.Debug|Any CPU.Build.0 = Debug|Any CPU
		{FA82AD3D-B2BB-4C80-9B14-1933AA780575}.Release|Any CPU.ActiveCfg = Release|Any CPU
		{FA82AD3D-B2BB-4C80-9B14-1933AA780575}.Release|Any CPU.Build.0 = Release|Any CPU
	EndGlobalSection
	GlobalSection(SolutionProperties) = preSolution
		HideSolutionNode = FALSE
	EndGlobalSection
	GlobalSection(ExtensibilityGlobals) = postSolution
		SolutionGuid = {BD9AD258-1D30-48BA-8A74-24EEB2B736A5}
	EndGlobalSection
EndGlobal
