
Microsoft Visual Studio Solution File, Format Version 12.00
# Visual Studio 15
VisualStudioVersion = 15.0.27130.2027
MinimumVisualStudioVersion = 10.0.40219.1
Project("{FAE04EC0-301F-11D3-BF4B-00C04F79EFBC}") = "VariableMutation", "VariableMutation\VariableMutation.csproj", "{9BAFDF5E-B497-41E0-A45D-56AA1A7786E2}"
EndProject
Global
	GlobalSection(SolutionConfigurationPlatforms) = preSolution
		Debug|Any CPU = Debug|Any CPU
		Release|Any CPU = Release|Any CPU
	EndGlobalSection
	GlobalSection(ProjectConfigurationPlatforms) = postSolution
		{9BAFDF5E-B497-41E0-A45D-56AA1A7786E2}.Debug|Any CPU.ActiveCfg = Debug|Any CPU
		{9BAFDF5E-B497-41E0-A45D-56AA1A7786E2}.Debug|Any CPU.Build.0 = Debug|Any CPU
		{9BAFDF5E-B497-41E0-A45D-56AA1A7786E2}.Release|Any CPU.ActiveCfg = Release|Any CPU
		{9BAFDF5E-B497-41E0-A45D-56AA1A7786E2}.Release|Any CPU.Build.0 = Release|Any CPU
	EndGlobalSection
	GlobalSection(SolutionProperties) = preSolution
		HideSolutionNode = FALSE
	EndGlobalSection
	GlobalSection(ExtensibilityGlobals) = postSolution
		SolutionGuid = {95ABF22A-0490-4E8E-B660-B91448ED9E8F}
	EndGlobalSection
EndGlobal
