
Microsoft Visual Studio Solution File, Format Version 12.00
# Visual Studio 15
VisualStudioVersion = 15.0.27130.2036
MinimumVisualStudioVersion = 10.0.40219.1
Project("{FAE04EC0-301F-11D3-BF4B-00C04F79EFBC}") = "Numberadder", "Numberadder\Numberadder.csproj", "{3F203F05-2AE4-49E1-9D1F-CF04225D2DE3}"
EndProject
Global
	GlobalSection(SolutionConfigurationPlatforms) = preSolution
		Debug|Any CPU = Debug|Any CPU
		Release|Any CPU = Release|Any CPU
	EndGlobalSection
	GlobalSection(ProjectConfigurationPlatforms) = postSolution
		{3F203F05-2AE4-49E1-9D1F-CF04225D2DE3}.Debug|Any CPU.ActiveCfg = Debug|Any CPU
		{3F203F05-2AE4-49E1-9D1F-CF04225D2DE3}.Debug|Any CPU.Build.0 = Debug|Any CPU
		{3F203F05-2AE4-49E1-9D1F-CF04225D2DE3}.Release|Any CPU.ActiveCfg = Release|Any CPU
		{3F203F05-2AE4-49E1-9D1F-CF04225D2DE3}.Release|Any CPU.Build.0 = Release|Any CPU
	EndGlobalSection
	GlobalSection(SolutionProperties) = preSolution
		HideSolutionNode = FALSE
	EndGlobalSection
	GlobalSection(ExtensibilityGlobals) = postSolution
		SolutionGuid = {265C4682-C958-4FA6-ABAE-928F621450E6}
	EndGlobalSection
EndGlobal
