
Microsoft Visual Studio Solution File, Format Version 12.00
# Visual Studio 15
VisualStudioVersion = 15.0.27130.2027
MinimumVisualStudioVersion = 10.0.40219.1
Project("{FAE04EC0-301F-11D3-BF4B-00C04F79EFBC}") = "SumAll", "SumAll\SumAll.csproj", "{CFEBA62F-D89C-466D-B04C-BDE82306EC33}"
EndProject
Global
	GlobalSection(SolutionConfigurationPlatforms) = preSolution
		Debug|Any CPU = Debug|Any CPU
		Release|Any CPU = Release|Any CPU
	EndGlobalSection
	GlobalSection(ProjectConfigurationPlatforms) = postSolution
		{CFEBA62F-D89C-466D-B04C-BDE82306EC33}.Debug|Any CPU.ActiveCfg = Debug|Any CPU
		{CFEBA62F-D89C-466D-B04C-BDE82306EC33}.Debug|Any CPU.Build.0 = Debug|Any CPU
		{CFEBA62F-D89C-466D-B04C-BDE82306EC33}.Release|Any CPU.ActiveCfg = Release|Any CPU
		{CFEBA62F-D89C-466D-B04C-BDE82306EC33}.Release|Any CPU.Build.0 = Release|Any CPU
	EndGlobalSection
	GlobalSection(SolutionProperties) = preSolution
		HideSolutionNode = FALSE
	EndGlobalSection
	GlobalSection(ExtensibilityGlobals) = postSolution
		SolutionGuid = {8DC49744-CEF3-4B61-BBDD-3D68F6958388}
	EndGlobalSection
EndGlobal
