
Microsoft Visual Studio Solution File, Format Version 12.00
# Visual Studio 15
VisualStudioVersion = 15.0.27130.2036
MinimumVisualStudioVersion = 10.0.40219.1
Project("{FAE04EC0-301F-11D3-BF4B-00C04F79EFBC}") = "WriteMultipleLines", "WriteMultipleLines\WriteMultipleLines.csproj", "{C2CBBC9D-1A4D-43CA-99C6-CE7FF7E74674}"
EndProject
Global
	GlobalSection(SolutionConfigurationPlatforms) = preSolution
		Debug|Any CPU = Debug|Any CPU
		Release|Any CPU = Release|Any CPU
	EndGlobalSection
	GlobalSection(ProjectConfigurationPlatforms) = postSolution
		{C2CBBC9D-1A4D-43CA-99C6-CE7FF7E74674}.Debug|Any CPU.ActiveCfg = Debug|Any CPU
		{C2CBBC9D-1A4D-43CA-99C6-CE7FF7E74674}.Debug|Any CPU.Build.0 = Debug|Any CPU
		{C2CBBC9D-1A4D-43CA-99C6-CE7FF7E74674}.Release|Any CPU.ActiveCfg = Release|Any CPU
		{C2CBBC9D-1A4D-43CA-99C6-CE7FF7E74674}.Release|Any CPU.Build.0 = Release|Any CPU
	EndGlobalSection
	GlobalSection(SolutionProperties) = preSolution
		HideSolutionNode = FALSE
	EndGlobalSection
	GlobalSection(ExtensibilityGlobals) = postSolution
		SolutionGuid = {558BF4EE-D19F-4CA4-8707-F24BAD05EC92}
	EndGlobalSection
EndGlobal
