
Microsoft Visual Studio Solution File, Format Version 12.00
# Visual Studio 15
VisualStudioVersion = 15.0.27130.2036
MinimumVisualStudioVersion = 10.0.40219.1
Project("{FAE04EC0-301F-11D3-BF4B-00C04F79EFBC}") = "ReversedOrder", "ReversedOrder\ReversedOrder.csproj", "{51AF71FB-F12D-4792-8F55-1924AA7F4C5B}"
EndProject
Global
	GlobalSection(SolutionConfigurationPlatforms) = preSolution
		Debug|Any CPU = Debug|Any CPU
		Release|Any CPU = Release|Any CPU
	EndGlobalSection
	GlobalSection(ProjectConfigurationPlatforms) = postSolution
		{51AF71FB-F12D-4792-8F55-1924AA7F4C5B}.Debug|Any CPU.ActiveCfg = Debug|Any CPU
		{51AF71FB-F12D-4792-8F55-1924AA7F4C5B}.Debug|Any CPU.Build.0 = Debug|Any CPU
		{51AF71FB-F12D-4792-8F55-1924AA7F4C5B}.Release|Any CPU.ActiveCfg = Release|Any CPU
		{51AF71FB-F12D-4792-8F55-1924AA7F4C5B}.Release|Any CPU.Build.0 = Release|Any CPU
	EndGlobalSection
	GlobalSection(SolutionProperties) = preSolution
		HideSolutionNode = FALSE
	EndGlobalSection
	GlobalSection(ExtensibilityGlobals) = postSolution
		SolutionGuid = {5460390F-548E-4708-9880-633A191A4AF1}
	EndGlobalSection
EndGlobal
