
Microsoft Visual Studio Solution File, Format Version 12.00
# Visual Studio 15
VisualStudioVersion = 15.0.27130.2027
MinimumVisualStudioVersion = 10.0.40219.1
Project("{FAE04EC0-301F-11D3-BF4B-00C04F79EFBC}") = "PrintAll", "PrintAll\PrintAll.csproj", "{0B4D251E-F258-40AB-BF6A-589D339FCF8A}"
EndProject
Global
	GlobalSection(SolutionConfigurationPlatforms) = preSolution
		Debug|Any CPU = Debug|Any CPU
		Release|Any CPU = Release|Any CPU
	EndGlobalSection
	GlobalSection(ProjectConfigurationPlatforms) = postSolution
		{0B4D251E-F258-40AB-BF6A-589D339FCF8A}.Debug|Any CPU.ActiveCfg = Debug|Any CPU
		{0B4D251E-F258-40AB-BF6A-589D339FCF8A}.Debug|Any CPU.Build.0 = Debug|Any CPU
		{0B4D251E-F258-40AB-BF6A-589D339FCF8A}.Release|Any CPU.ActiveCfg = Release|Any CPU
		{0B4D251E-F258-40AB-BF6A-589D339FCF8A}.Release|Any CPU.Build.0 = Release|Any CPU
	EndGlobalSection
	GlobalSection(SolutionProperties) = preSolution
		HideSolutionNode = FALSE
	EndGlobalSection
	GlobalSection(ExtensibilityGlobals) = postSolution
		SolutionGuid = {2F10F244-3185-40AF-9325-B2E32E39ECCE}
	EndGlobalSection
EndGlobal
