
Microsoft Visual Studio Solution File, Format Version 12.00
# Visual Studio 15
VisualStudioVersion = 15.0.27130.2027
MinimumVisualStudioVersion = 10.0.40219.1
Project("{FAE04EC0-301F-11D3-BF4B-00C04F79EFBC}") = "FavouriteNumber", "FavouriteNumber\FavouriteNumber.csproj", "{EB8A38BB-A14F-43C6-A552-AC2B680BFA02}"
EndProject
Global
	GlobalSection(SolutionConfigurationPlatforms) = preSolution
		Debug|Any CPU = Debug|Any CPU
		Release|Any CPU = Release|Any CPU
	EndGlobalSection
	GlobalSection(ProjectConfigurationPlatforms) = postSolution
		{EB8A38BB-A14F-43C6-A552-AC2B680BFA02}.Debug|Any CPU.ActiveCfg = Debug|Any CPU
		{EB8A38BB-A14F-43C6-A552-AC2B680BFA02}.Debug|Any CPU.Build.0 = Debug|Any CPU
		{EB8A38BB-A14F-43C6-A552-AC2B680BFA02}.Release|Any CPU.ActiveCfg = Release|Any CPU
		{EB8A38BB-A14F-43C6-A552-AC2B680BFA02}.Release|Any CPU.Build.0 = Release|Any CPU
	EndGlobalSection
	GlobalSection(SolutionProperties) = preSolution
		HideSolutionNode = FALSE
	EndGlobalSection
	GlobalSection(ExtensibilityGlobals) = postSolution
		SolutionGuid = {5760CA76-52B2-4042-AAE9-1D5BFA414DAD}
	EndGlobalSection
EndGlobal
