
Microsoft Visual Studio Solution File, Format Version 12.00
# Visual Studio 15
VisualStudioVersion = 15.0.27130.2027
MinimumVisualStudioVersion = 10.0.40219.1
Project("{FAE04EC0-301F-11D3-BF4B-00C04F79EFBC}") = "DefineBasicInfo", "DefineBasicInfo\DefineBasicInfo.csproj", "{D2EE1C1C-655D-45FC-A096-EB7EF33D56D8}"
EndProject
Global
	GlobalSection(SolutionConfigurationPlatforms) = preSolution
		Debug|Any CPU = Debug|Any CPU
		Release|Any CPU = Release|Any CPU
	EndGlobalSection
	GlobalSection(ProjectConfigurationPlatforms) = postSolution
		{D2EE1C1C-655D-45FC-A096-EB7EF33D56D8}.Debug|Any CPU.ActiveCfg = Debug|Any CPU
		{D2EE1C1C-655D-45FC-A096-EB7EF33D56D8}.Debug|Any CPU.Build.0 = Debug|Any CPU
		{D2EE1C1C-655D-45FC-A096-EB7EF33D56D8}.Release|Any CPU.ActiveCfg = Release|Any CPU
		{D2EE1C1C-655D-45FC-A096-EB7EF33D56D8}.Release|Any CPU.Build.0 = Release|Any CPU
	EndGlobalSection
	GlobalSection(SolutionProperties) = preSolution
		HideSolutionNode = FALSE
	EndGlobalSection
	GlobalSection(ExtensibilityGlobals) = postSolution
		SolutionGuid = {500D08FA-9529-420B-B631-48B674882B5F}
	EndGlobalSection
EndGlobal
